
Microsoft Visual Studio Solution File, Format Version 11.00
# Visual Studio 2010
Project("{FAE04EC0-301F-11D3-BF4B-00C04F79EFBC}") = "Demo01", "Demo01\Demo01.csproj", "{D196949C-E1F7-4672-9D3D-81A6C317F3D5}"
EndProject
Project("{2150E333-8FDC-42A3-9474-1A3956D46DE8}") = "Demo", "Demo", "{B31AC809-034F-46FB-B817-7078619595F2}"
EndProject
Project("{FAE04EC0-301F-11D3-BF4B-00C04F79EFBC}") = "Demo02", "Demo02\Demo02.csproj", "{459854B5-5B0B-4989-BA69-119F62A3A1F3}"
EndProject
Project("{FAE04EC0-301F-11D3-BF4B-00C04F79EFBC}") = "Demo03", "Demo03\Demo03.csproj", "{C1E33EFE-1CA3-4EB2-A0EE-83A1464229FF}"
EndProject
Project("{FAE04EC0-301F-11D3-BF4B-00C04F79EFBC}") = "Demo03_2", "Demo03_2\Demo03_2.csproj", "{188C282F-F711-4EAD-A5F1-B1B6700AED47}"
EndProject
Project("{FAE04EC0-301F-11D3-BF4B-00C04F79EFBC}") = "Demo04", "Demo04\Demo04.csproj", "{58C72643-7DDF-4F5F-A014-A3AC6FC62EB5}"
EndProject
Project("{FAE04EC0-301F-11D3-BF4B-00C04F79EFBC}") = "Demo04_2", "Demo4_2\Demo04_2.csproj", "{55836255-EE1A-4B1B-80E8-EA81DEC881D8}"
EndProject
Project("{2150E333-8FDC-42A3-9474-1A3956D46DE8}") = "Demo 5 Material", "Demo 5 Material", "{822EC329-0933-4512-BDE1-0D97808C70A2}"
EndProject
Project("{FAE04EC0-301F-11D3-BF4B-00C04F79EFBC}") = "Demo05", "Demo05\Demo05.csproj", "{E311D24D-BF64-495E-82D3-D83DD8A2D542}"
EndProject
Project("{FAE04EC0-301F-11D3-BF4B-00C04F79EFBC}") = "Demo05Module01", "Demo05Module01\Demo05Module01.csproj", "{B74308F1-0D97-4D5F-B1F9-081D03C8AE50}"
EndProject
Project("{FAE04EC0-301F-11D3-BF4B-00C04F79EFBC}") = "Demo05Module02", "Demo05Module02\Demo05Module02.csproj", "{7556AEA8-CA48-4EDC-8629-FF41E6B477B8}"
EndProject
Project("{FAE04EC0-301F-11D3-BF4B-00C04F79EFBC}") = "Demo05Module03", "Demo05Module03\Demo05Module03.csproj", "{8C8A23FB-63E7-466B-902A-2DE358E9BF63}"
EndProject
Project("{FAE04EC0-301F-11D3-BF4B-00C04F79EFBC}") = "Demo06", "Demo06\Demo06.csproj", "{A555430B-01A3-414E-B1D8-7EA67067549D}"
EndProject
Project("{FAE04EC0-301F-11D3-BF4B-00C04F79EFBC}") = "Demo06.Web", "Demo06.Web\Demo06.Web.csproj", "{71E1EF83-39B8-47CC-A83E-597D466B9F34}"
EndProject
Project("{2150E333-8FDC-42A3-9474-1A3956D46DE8}") = "Demo 6 Material", "Demo 6 Material", "{3C3956F4-3F09-45D2-B034-9C34D4DB0EB7}"
EndProject
Project("{FAE04EC0-301F-11D3-BF4B-00C04F79EFBC}") = "Demo06Module01", "Demo06Module01\Demo06Module01.csproj", "{F7301D5F-3E6B-4A70-A829-4AFEDDC7301E}"
EndProject
Project("{FAE04EC0-301F-11D3-BF4B-00C04F79EFBC}") = "Demo06Module02", "Demo06Module02\Demo06Module02.csproj", "{658698D6-EF8D-43CD-933B-2BA86DD7CDBA}"
EndProject
Project("{FAE04EC0-301F-11D3-BF4B-00C04F79EFBC}") = "Demo06Module03", "Demo06Module03\Demo06Module03.csproj", "{C3FD282D-D52E-487B-B305-67E925EDE4DB}"
EndProject
Global
	GlobalSection(SolutionConfigurationPlatforms) = preSolution
		Debug|Any CPU = Debug|Any CPU
		Debug|Mixed Platforms = Debug|Mixed Platforms
		Debug|x86 = Debug|x86
		Release|Any CPU = Release|Any CPU
		Release|Mixed Platforms = Release|Mixed Platforms
		Release|x86 = Release|x86
	EndGlobalSection
	GlobalSection(ProjectConfigurationPlatforms) = postSolution
		{D196949C-E1F7-4672-9D3D-81A6C317F3D5}.Debug|Any CPU.ActiveCfg = Debug|x86
		{D196949C-E1F7-4672-9D3D-81A6C317F3D5}.Debug|Mixed Platforms.ActiveCfg = Debug|x86
		{D196949C-E1F7-4672-9D3D-81A6C317F3D5}.Debug|Mixed Platforms.Build.0 = Debug|x86
		{D196949C-E1F7-4672-9D3D-81A6C317F3D5}.Debug|x86.ActiveCfg = Debug|x86
		{D196949C-E1F7-4672-9D3D-81A6C317F3D5}.Debug|x86.Build.0 = Debug|x86
		{D196949C-E1F7-4672-9D3D-81A6C317F3D5}.Release|Any CPU.ActiveCfg = Release|x86
		{D196949C-E1F7-4672-9D3D-81A6C317F3D5}.Release|Mixed Platforms.ActiveCfg = Release|x86
		{D196949C-E1F7-4672-9D3D-81A6C317F3D5}.Release|Mixed Platforms.Build.0 = Release|x86
		{D196949C-E1F7-4672-9D3D-81A6C317F3D5}.Release|x86.ActiveCfg = Release|x86
		{D196949C-E1F7-4672-9D3D-81A6C317F3D5}.Release|x86.Build.0 = Release|x86
		{459854B5-5B0B-4989-BA69-119F62A3A1F3}.Debug|Any CPU.ActiveCfg = Debug|x86
		{459854B5-5B0B-4989-BA69-119F62A3A1F3}.Debug|Mixed Platforms.ActiveCfg = Debug|x86
		{459854B5-5B0B-4989-BA69-119F62A3A1F3}.Debug|Mixed Platforms.Build.0 = Debug|x86
		{459854B5-5B0B-4989-BA69-119F62A3A1F3}.Debug|x86.ActiveCfg = Debug|x86
		{459854B5-5B0B-4989-BA69-119F62A3A1F3}.Debug|x86.Build.0 = Debug|x86
		{459854B5-5B0B-4989-BA69-119F62A3A1F3}.Release|Any CPU.ActiveCfg = Release|x86
		{459854B5-5B0B-4989-BA69-119F62A3A1F3}.Release|Mixed Platforms.ActiveCfg = Release|x86
		{459854B5-5B0B-4989-BA69-119F62A3A1F3}.Release|Mixed Platforms.Build.0 = Release|x86
		{459854B5-5B0B-4989-BA69-119F62A3A1F3}.Release|x86.ActiveCfg = Release|x86
		{459854B5-5B0B-4989-BA69-119F62A3A1F3}.Release|x86.Build.0 = Release|x86
		{C1E33EFE-1CA3-4EB2-A0EE-83A1464229FF}.Debug|Any CPU.ActiveCfg = Debug|x86
		{C1E33EFE-1CA3-4EB2-A0EE-83A1464229FF}.Debug|Mixed Platforms.ActiveCfg = Debug|x86
		{C1E33EFE-1CA3-4EB2-A0EE-83A1464229FF}.Debug|Mixed Platforms.Build.0 = Debug|x86
		{C1E33EFE-1CA3-4EB2-A0EE-83A1464229FF}.Debug|x86.ActiveCfg = Debug|x86
		{C1E33EFE-1CA3-4EB2-A0EE-83A1464229FF}.Debug|x86.Build.0 = Debug|x86
		{C1E33EFE-1CA3-4EB2-A0EE-83A1464229FF}.Release|Any CPU.ActiveCfg = Release|x86
		{C1E33EFE-1CA3-4EB2-A0EE-83A1464229FF}.Release|Mixed Platforms.ActiveCfg = Release|x86
		{C1E33EFE-1CA3-4EB2-A0EE-83A1464229FF}.Release|Mixed Platforms.Build.0 = Release|x86
		{C1E33EFE-1CA3-4EB2-A0EE-83A1464229FF}.Release|x86.ActiveCfg = Release|x86
		{C1E33EFE-1CA3-4EB2-A0EE-83A1464229FF}.Release|x86.Build.0 = Release|x86
		{188C282F-F711-4EAD-A5F1-B1B6700AED47}.Debug|Any CPU.ActiveCfg = Debug|Any CPU
		{188C282F-F711-4EAD-A5F1-B1B6700AED47}.Debug|Any CPU.Build.0 = Debug|Any CPU
		{188C282F-F711-4EAD-A5F1-B1B6700AED47}.Debug|Mixed Platforms.ActiveCfg = Debug|Any CPU
		{188C282F-F711-4EAD-A5F1-B1B6700AED47}.Debug|Mixed Platforms.Build.0 = Debug|Any CPU
		{188C282F-F711-4EAD-A5F1-B1B6700AED47}.Debug|x86.ActiveCfg = Debug|Any CPU
		{188C282F-F711-4EAD-A5F1-B1B6700AED47}.Release|Any CPU.ActiveCfg = Release|Any CPU
		{188C282F-F711-4EAD-A5F1-B1B6700AED47}.Release|Any CPU.Build.0 = Release|Any CPU
		{188C282F-F711-4EAD-A5F1-B1B6700AED47}.Release|Mixed Platforms.ActiveCfg = Release|Any CPU
		{188C282F-F711-4EAD-A5F1-B1B6700AED47}.Release|Mixed Platforms.Build.0 = Release|Any CPU
		{188C282F-F711-4EAD-A5F1-B1B6700AED47}.Release|x86.ActiveCfg = Release|Any CPU
		{58C72643-7DDF-4F5F-A014-A3AC6FC62EB5}.Debug|Any CPU.ActiveCfg = Debug|x86
		{58C72643-7DDF-4F5F-A014-A3AC6FC62EB5}.Debug|Mixed Platforms.ActiveCfg = Debug|x86
		{58C72643-7DDF-4F5F-A014-A3AC6FC62EB5}.Debug|Mixed Platforms.Build.0 = Debug|x86
		{58C72643-7DDF-4F5F-A014-A3AC6FC62EB5}.Debug|x86.ActiveCfg = Debug|x86
		{58C72643-7DDF-4F5F-A014-A3AC6FC62EB5}.Debug|x86.Build.0 = Debug|x86
		{58C72643-7DDF-4F5F-A014-A3AC6FC62EB5}.Release|Any CPU.ActiveCfg = Release|x86
		{58C72643-7DDF-4F5F-A014-A3AC6FC62EB5}.Release|Mixed Platforms.ActiveCfg = Release|x86
		{58C72643-7DDF-4F5F-A014-A3AC6FC62EB5}.Release|Mixed Platforms.Build.0 = Release|x86
		{58C72643-7DDF-4F5F-A014-A3AC6FC62EB5}.Release|x86.ActiveCfg = Release|x86
		{58C72643-7DDF-4F5F-A014-A3AC6FC62EB5}.Release|x86.Build.0 = Release|x86
		{55836255-EE1A-4B1B-80E8-EA81DEC881D8}.Debug|Any CPU.ActiveCfg = Debug|x86
		{55836255-EE1A-4B1B-80E8-EA81DEC881D8}.Debug|Mixed Platforms.ActiveCfg = Debug|x86
		{55836255-EE1A-4B1B-80E8-EA81DEC881D8}.Debug|Mixed Platforms.Build.0 = Debug|x86
		{55836255-EE1A-4B1B-80E8-EA81DEC881D8}.Debug|x86.ActiveCfg = Debug|x86
		{55836255-EE1A-4B1B-80E8-EA81DEC881D8}.Debug|x86.Build.0 = Debug|x86
		{55836255-EE1A-4B1B-80E8-EA81DEC881D8}.Release|Any CPU.ActiveCfg = Release|x86
		{55836255-EE1A-4B1B-80E8-EA81DEC881D8}.Release|Mixed Platforms.ActiveCfg = Release|x86
		{55836255-EE1A-4B1B-80E8-EA81DEC881D8}.Release|Mixed Platforms.Build.0 = Release|x86
		{55836255-EE1A-4B1B-80E8-EA81DEC881D8}.Release|x86.ActiveCfg = Release|x86
		{55836255-EE1A-4B1B-80E8-EA81DEC881D8}.Release|x86.Build.0 = Release|x86
		{E311D24D-BF64-495E-82D3-D83DD8A2D542}.Debug|Any CPU.ActiveCfg = Debug|x86
		{E311D24D-BF64-495E-82D3-D83DD8A2D542}.Debug|Mixed Platforms.ActiveCfg = Debug|x86
		{E311D24D-BF64-495E-82D3-D83DD8A2D542}.Debug|Mixed Platforms.Build.0 = Debug|x86
		{E311D24D-BF64-495E-82D3-D83DD8A2D542}.Debug|x86.ActiveCfg = Debug|x86
		{E311D24D-BF64-495E-82D3-D83DD8A2D542}.Debug|x86.Build.0 = Debug|x86
		{E311D24D-BF64-495E-82D3-D83DD8A2D542}.Release|Any CPU.ActiveCfg = Release|x86
		{E311D24D-BF64-495E-82D3-D83DD8A2D542}.Release|Mixed Platforms.ActiveCfg = Release|x86
		{E311D24D-BF64-495E-82D3-D83DD8A2D542}.Release|Mixed Platforms.Build.0 = Release|x86
		{E311D24D-BF64-495E-82D3-D83DD8A2D542}.Release|x86.ActiveCfg = Release|x86
		{E311D24D-BF64-495E-82D3-D83DD8A2D542}.Release|x86.Build.0 = Release|x86
		{B74308F1-0D97-4D5F-B1F9-081D03C8AE50}.Debug|Any CPU.ActiveCfg = Debug|Any CPU
		{B74308F1-0D97-4D5F-B1F9-081D03C8AE50}.Debug|Any CPU.Build.0 = Debug|Any CPU
		{B74308F1-0D97-4D5F-B1F9-081D03C8AE50}.Debug|Mixed Platforms.ActiveCfg = Debug|Any CPU
		{B74308F1-0D97-4D5F-B1F9-081D03C8AE50}.Debug|Mixed Platforms.Build.0 = Debug|Any CPU
		{B74308F1-0D97-4D5F-B1F9-081D03C8AE50}.Debug|x86.ActiveCfg = Debug|Any CPU
		{B74308F1-0D97-4D5F-B1F9-081D03C8AE50}.Release|Any CPU.ActiveCfg = Release|Any CPU
		{B74308F1-0D97-4D5F-B1F9-081D03C8AE50}.Release|Any CPU.Build.0 = Release|Any CPU
		{B74308F1-0D97-4D5F-B1F9-081D03C8AE50}.Release|Mixed Platforms.ActiveCfg = Release|Any CPU
		{B74308F1-0D97-4D5F-B1F9-081D03C8AE50}.Release|Mixed Platforms.Build.0 = Release|Any CPU
		{B74308F1-0D97-4D5F-B1F9-081D03C8AE50}.Release|x86.ActiveCfg = Release|Any CPU
		{7556AEA8-CA48-4EDC-8629-FF41E6B477B8}.Debug|Any CPU.ActiveCfg = Debug|Any CPU
		{7556AEA8-CA48-4EDC-8629-FF41E6B477B8}.Debug|Any CPU.Build.0 = Debug|Any CPU
		{7556AEA8-CA48-4EDC-8629-FF41E6B477B8}.Debug|Mixed Platforms.ActiveCfg = Debug|Any CPU
		{7556AEA8-CA48-4EDC-8629-FF41E6B477B8}.Debug|Mixed Platforms.Build.0 = Debug|Any CPU
		{7556AEA8-CA48-4EDC-8629-FF41E6B477B8}.Debug|x86.ActiveCfg = Debug|Any CPU
		{7556AEA8-CA48-4EDC-8629-FF41E6B477B8}.Release|Any CPU.ActiveCfg = Release|Any CPU
		{7556AEA8-CA48-4EDC-8629-FF41E6B477B8}.Release|Any CPU.Build.0 = Release|Any CPU
		{7556AEA8-CA48-4EDC-8629-FF41E6B477B8}.Release|Mixed Platforms.ActiveCfg = Release|Any CPU
		{7556AEA8-CA48-4EDC-8629-FF41E6B477B8}.Release|Mixed Platforms.Build.0 = Release|Any CPU
		{7556AEA8-CA48-4EDC-8629-FF41E6B477B8}.Release|x86.ActiveCfg = Release|Any CPU
		{8C8A23FB-63E7-466B-902A-2DE358E9BF63}.Debug|Any CPU.ActiveCfg = Debug|Any CPU
		{8C8A23FB-63E7-466B-902A-2DE358E9BF63}.Debug|Any CPU.Build.0 = Debug|Any CPU
		{8C8A23FB-63E7-466B-902A-2DE358E9BF63}.Debug|Mixed Platforms.ActiveCfg = Debug|Any CPU
		{8C8A23FB-63E7-466B-902A-2DE358E9BF63}.Debug|Mixed Platforms.Build.0 = Debug|Any CPU
		{8C8A23FB-63E7-466B-902A-2DE358E9BF63}.Debug|x86.ActiveCfg = Debug|Any CPU
		{8C8A23FB-63E7-466B-902A-2DE358E9BF63}.Release|Any CPU.ActiveCfg = Release|Any CPU
		{8C8A23FB-63E7-466B-902A-2DE358E9BF63}.Release|Any CPU.Build.0 = Release|Any CPU
		{8C8A23FB-63E7-466B-902A-2DE358E9BF63}.Release|Mixed Platforms.ActiveCfg = Release|Any CPU
		{8C8A23FB-63E7-466B-902A-2DE358E9BF63}.Release|Mixed Platforms.Build.0 = Release|Any CPU
		{8C8A23FB-63E7-466B-902A-2DE358E9BF63}.Release|x86.ActiveCfg = Release|Any CPU
		{A555430B-01A3-414E-B1D8-7EA67067549D}.Debug|Any CPU.ActiveCfg = Debug|Any CPU
		{A555430B-01A3-414E-B1D8-7EA67067549D}.Debug|Any CPU.Build.0 = Debug|Any CPU
		{A555430B-01A3-414E-B1D8-7EA67067549D}.Debug|Mixed Platforms.ActiveCfg = Debug|Any CPU
		{A555430B-01A3-414E-B1D8-7EA67067549D}.Debug|Mixed Platforms.Build.0 = Debug|Any CPU
		{A555430B-01A3-414E-B1D8-7EA67067549D}.Debug|x86.ActiveCfg = Debug|Any CPU
		{A555430B-01A3-414E-B1D8-7EA67067549D}.Release|Any CPU.ActiveCfg = Release|Any CPU
		{A555430B-01A3-414E-B1D8-7EA67067549D}.Release|Any CPU.Build.0 = Release|Any CPU
		{A555430B-01A3-414E-B1D8-7EA67067549D}.Release|Mixed Platforms.ActiveCfg = Release|Any CPU
		{A555430B-01A3-414E-B1D8-7EA67067549D}.Release|Mixed Platforms.Build.0 = Release|Any CPU
		{A555430B-01A3-414E-B1D8-7EA67067549D}.Release|x86.ActiveCfg = Release|Any CPU
		{71E1EF83-39B8-47CC-A83E-597D466B9F34}.Debug|Any CPU.ActiveCfg = Debug|Any CPU
		{71E1EF83-39B8-47CC-A83E-597D466B9F34}.Debug|Any CPU.Build.0 = Debug|Any CPU
		{71E1EF83-39B8-47CC-A83E-597D466B9F34}.Debug|Mixed Platforms.ActiveCfg = Debug|Any CPU
		{71E1EF83-39B8-47CC-A83E-597D466B9F34}.Debug|Mixed Platforms.Build.0 = Debug|Any CPU
		{71E1EF83-39B8-47CC-A83E-597D466B9F34}.Debug|x86.ActiveCfg = Debug|Any CPU
		{71E1EF83-39B8-47CC-A83E-597D466B9F34}.Release|Any CPU.ActiveCfg = Release|Any CPU
		{71E1EF83-39B8-47CC-A83E-597D466B9F34}.Release|Any CPU.Build.0 = Release|Any CPU
		{71E1EF83-39B8-47CC-A83E-597D466B9F34}.Release|Mixed Platforms.ActiveCfg = Release|Any CPU
		{71E1EF83-39B8-47CC-A83E-597D466B9F34}.Release|Mixed Platforms.Build.0 = Release|Any CPU
		{71E1EF83-39B8-47CC-A83E-597D466B9F34}.Release|x86.ActiveCfg = Release|Any CPU
		{F7301D5F-3E6B-4A70-A829-4AFEDDC7301E}.Debug|Any CPU.ActiveCfg = Debug|Any CPU
		{F7301D5F-3E6B-4A70-A829-4AFEDDC7301E}.Debug|Any CPU.Build.0 = Debug|Any CPU
		{F7301D5F-3E6B-4A70-A829-4AFEDDC7301E}.Debug|Mixed Platforms.ActiveCfg = Debug|Any CPU
		{F7301D5F-3E6B-4A70-A829-4AFEDDC7301E}.Debug|Mixed Platforms.Build.0 = Debug|Any CPU
		{F7301D5F-3E6B-4A70-A829-4AFEDDC7301E}.Debug|x86.ActiveCfg = Debug|Any CPU
		{F7301D5F-3E6B-4A70-A829-4AFEDDC7301E}.Release|Any CPU.ActiveCfg = Release|Any CPU
		{F7301D5F-3E6B-4A70-A829-4AFEDDC7301E}.Release|Any CPU.Build.0 = Release|Any CPU
		{F7301D5F-3E6B-4A70-A829-4AFEDDC7301E}.Release|Mixed Platforms.ActiveCfg = Release|Any CPU
		{F7301D5F-3E6B-4A70-A829-4AFEDDC7301E}.Release|Mixed Platforms.Build.0 = Release|Any CPU
		{F7301D5F-3E6B-4A70-A829-4AFEDDC7301E}.Release|x86.ActiveCfg = Release|Any CPU
		{658698D6-EF8D-43CD-933B-2BA86DD7CDBA}.Debug|Any CPU.ActiveCfg = Debug|Any CPU
		{658698D6-EF8D-43CD-933B-2BA86DD7CDBA}.Debug|Any CPU.Build.0 = Debug|Any CPU
		{658698D6-EF8D-43CD-933B-2BA86DD7CDBA}.Debug|Mixed Platforms.ActiveCfg = Debug|Any CPU
		{658698D6-EF8D-43CD-933B-2BA86DD7CDBA}.Debug|Mixed Platforms.Build.0 = Debug|Any CPU
		{658698D6-EF8D-43CD-933B-2BA86DD7CDBA}.Debug|x86.ActiveCfg = Debug|Any CPU
		{658698D6-EF8D-43CD-933B-2BA86DD7CDBA}.Release|Any CPU.ActiveCfg = Release|Any CPU
		{658698D6-EF8D-43CD-933B-2BA86DD7CDBA}.Release|Any CPU.Build.0 = Release|Any CPU
		{658698D6-EF8D-43CD-933B-2BA86DD7CDBA}.Release|Mixed Platforms.ActiveCfg = Release|Any CPU
		{658698D6-EF8D-43CD-933B-2BA86DD7CDBA}.Release|Mixed Platforms.Build.0 = Release|Any CPU
		{658698D6-EF8D-43CD-933B-2BA86DD7CDBA}.Release|x86.ActiveCfg = Release|Any CPU
		{C3FD282D-D52E-487B-B305-67E925EDE4DB}.Debug|Any CPU.ActiveCfg = Debug|Any CPU
		{C3FD282D-D52E-487B-B305-67E925EDE4DB}.Debug|Any CPU.Build.0 = Debug|Any CPU
		{C3FD282D-D52E-487B-B305-67E925EDE4DB}.Debug|Mixed Platforms.ActiveCfg = Debug|Any CPU
		{C3FD282D-D52E-487B-B305-67E925EDE4DB}.Debug|Mixed Platforms.Build.0 = Debug|Any CPU
		{C3FD282D-D52E-487B-B305-67E925EDE4DB}.Debug|x86.ActiveCfg = Debug|Any CPU
		{C3FD282D-D52E-487B-B305-67E925EDE4DB}.Release|Any CPU.ActiveCfg = Release|Any CPU
		{C3FD282D-D52E-487B-B305-67E925EDE4DB}.Release|Any CPU.Build.0 = Release|Any CPU
		{C3FD282D-D52E-487B-B305-67E925EDE4DB}.Release|Mixed Platforms.ActiveCfg = Release|Any CPU
		{C3FD282D-D52E-487B-B305-67E925EDE4DB}.Release|Mixed Platforms.Build.0 = Release|Any CPU
		{C3FD282D-D52E-487B-B305-67E925EDE4DB}.Release|x86.ActiveCfg = Release|Any CPU
	EndGlobalSection
	GlobalSection(SolutionProperties) = preSolution
		HideSolutionNode = FALSE
	EndGlobalSection
	GlobalSection(NestedProjects) = preSolution
		{D196949C-E1F7-4672-9D3D-81A6C317F3D5} = {B31AC809-034F-46FB-B817-7078619595F2}
		{459854B5-5B0B-4989-BA69-119F62A3A1F3} = {B31AC809-034F-46FB-B817-7078619595F2}
		{C1E33EFE-1CA3-4EB2-A0EE-83A1464229FF} = {B31AC809-034F-46FB-B817-7078619595F2}
		{188C282F-F711-4EAD-A5F1-B1B6700AED47} = {B31AC809-034F-46FB-B817-7078619595F2}
		{58C72643-7DDF-4F5F-A014-A3AC6FC62EB5} = {B31AC809-034F-46FB-B817-7078619595F2}
		{55836255-EE1A-4B1B-80E8-EA81DEC881D8} = {B31AC809-034F-46FB-B817-7078619595F2}
		{E311D24D-BF64-495E-82D3-D83DD8A2D542} = {B31AC809-034F-46FB-B817-7078619595F2}
		{A555430B-01A3-414E-B1D8-7EA67067549D} = {B31AC809-034F-46FB-B817-7078619595F2}
		{71E1EF83-39B8-47CC-A83E-597D466B9F34} = {B31AC809-034F-46FB-B817-7078619595F2}
		{B74308F1-0D97-4D5F-B1F9-081D03C8AE50} = {822EC329-0933-4512-BDE1-0D97808C70A2}
		{7556AEA8-CA48-4EDC-8629-FF41E6B477B8} = {822EC329-0933-4512-BDE1-0D97808C70A2}
		{8C8A23FB-63E7-466B-902A-2DE358E9BF63} = {822EC329-0933-4512-BDE1-0D97808C70A2}
		{F7301D5F-3E6B-4A70-A829-4AFEDDC7301E} = {3C3956F4-3F09-45D2-B034-9C34D4DB0EB7}
		{658698D6-EF8D-43CD-933B-2BA86DD7CDBA} = {3C3956F4-3F09-45D2-B034-9C34D4DB0EB7}
		{C3FD282D-D52E-487B-B305-67E925EDE4DB} = {3C3956F4-3F09-45D2-B034-9C34D4DB0EB7}
	EndGlobalSection
EndGlobal
